// !$*UTF8*$!
{
	archiveVersion = 1;
	classes = {
	};
	objectVersion = 50;
	objects = {

/* Begin PBXBuildFile section */
		4532955E23DA1DB6002B725E /* AppDelegate.swift in Sources */ = {isa = PBXBuildFile; fileRef = 4532955D23DA1DB6002B725E /* AppDelegate.swift */; };
		4532956023DA1DB6002B725E /* SceneDelegate.swift in Sources */ = {isa = PBXBuildFile; fileRef = 4532955F23DA1DB6002B725E /* SceneDelegate.swift */; };
		4532956523DA1DB6002B725E /* Main.storyboard in Resources */ = {isa = PBXBuildFile; fileRef = 4532956323DA1DB6002B725E /* Main.storyboard */; };
		4532956723DA1DB8002B725E /* Assets.xcassets in Resources */ = {isa = PBXBuildFile; fileRef = 4532956623DA1DB8002B725E /* Assets.xcassets */; };
		4532956A23DA1DB8002B725E /* LaunchScreen.storyboard in Resources */ = {isa = PBXBuildFile; fileRef = 4532956823DA1DB8002B725E /* LaunchScreen.storyboard */; };
		453E3DA1241804B400F21585 /* HistoryViewController.swift in Sources */ = {isa = PBXBuildFile; fileRef = 453E3DA0241804B400F21585 /* HistoryViewController.swift */; };
		45C8635823DB71E4009A78BB /* TimerViewController.swift in Sources */ = {isa = PBXBuildFile; fileRef = 45C8635723DB71E4009A78BB /* TimerViewController.swift */; };
/* End PBXBuildFile section */

/* Begin PBXFileReference section */
		4532955A23DA1DB6002B725E /* client clock.app */ = {isa = PBXFileReference; explicitFileType = wrapper.application; includeInIndex = 0; path = "client clock.app"; sourceTree = BUILT_PRODUCTS_DIR; };
		4532955D23DA1DB6002B725E /* AppDelegate.swift */ = {isa = PBXFileReference; lastKnownFileType = sourcecode.swift; path = AppDelegate.swift; sourceTree = "<group>"; };
		4532955F23DA1DB6002B725E /* SceneDelegate.swift */ = {isa = PBXFileReference; lastKnownFileType = sourcecode.swift; path = SceneDelegate.swift; sourceTree = "<group>"; };
		4532956423DA1DB6002B725E /* Base */ = {isa = PBXFileReference; lastKnownFileType = file.storyboard; name = Base; path = Base.lproj/Main.storyboard; sourceTree = "<group>"; };
		4532956623DA1DB8002B725E /* Assets.xcassets */ = {isa = PBXFileReference; lastKnownFileType = folder.assetcatalog; path = Assets.xcassets; sourceTree = "<group>"; };
		4532956923DA1DB8002B725E /* Base */ = {isa = PBXFileReference; lastKnownFileType = file.storyboard; name = Base; path = Base.lproj/LaunchScreen.storyboard; sourceTree = "<group>"; };
		4532956B23DA1DB8002B725E /* Info.plist */ = {isa = PBXFileReference; lastKnownFileType = text.plist.xml; path = Info.plist; sourceTree = "<group>"; };
		453E3DA0241804B400F21585 /* HistoryViewController.swift */ = {isa = PBXFileReference; lastKnownFileType = sourcecode.swift; path = HistoryViewController.swift; sourceTree = "<group>"; };
		45C8635723DB71E4009A78BB /* TimerViewController.swift */ = {isa = PBXFileReference; lastKnownFileType = sourcecode.swift; path = TimerViewController.swift; sourceTree = "<group>"; };
/* End PBXFileReference section */

/* Begin PBXFrameworksBuildPhase section */
		4532955723DA1DB6002B725E /* Frameworks */ = {
			isa = PBXFrameworksBuildPhase;
			buildActionMask = 2147483647;
			files = (
			);
			runOnlyForDeploymentPostprocessing = 0;
		};
/* End PBXFrameworksBuildPhase section */

/* Begin PBXGroup section */
		4532955123DA1DB6002B725E = {
			isa = PBXGroup;
			children = (
				4532955C23DA1DB6002B725E /* client clock */,
				4532955B23DA1DB6002B725E /* Products */,
			);
			sourceTree = "<group>";
		};
		4532955B23DA1DB6002B725E /* Products */ = {
			isa = PBXGroup;
			children = (
				4532955A23DA1DB6002B725E /* client clock.app */,
			);
			name = Products;
			sourceTree = "<group>";
		};
		4532955C23DA1DB6002B725E /* client clock */ = {
			isa = PBXGroup;
			children = (
				4532955D23DA1DB6002B725E /* AppDelegate.swift */,
				4532955F23DA1DB6002B725E /* SceneDelegate.swift */,
				45C8635723DB71E4009A78BB /* TimerViewController.swift */,
				453E3DA0241804B400F21585 /* HistoryViewController.swift */,
				4532956323DA1DB6002B725E /* Main.storyboard */,
				4532956623DA1DB8002B725E /* Assets.xcassets */,
				4532956823DA1DB8002B725E /* LaunchScreen.storyboard */,
				4532956B23DA1DB8002B725E /* Info.plist */,
			);
			path = "client clock";
			sourceTree = "<group>";
		};
/* End PBXGroup section */

/* Begin PBXNativeTarget section */
		4532955923DA1DB6002B725E /* client clock */ = {
			isa = PBXNativeTarget;
			buildConfigurationList = 4532956E23DA1DB8002B725E /* Build configuration list for PBXNativeTarget "client clock" */;
			buildPhases = (
				4532955623DA1DB6002B725E /* Sources */,
				4532955723DA1DB6002B725E /* Frameworks */,
				4532955823DA1DB6002B725E /* Resources */,
			);
			buildRules = (
			);
			dependencies = (
			);
			name = "client clock";
			productName = "client clock";
			productReference = 4532955A23DA1DB6002B725E /* client clock.app */;
			productType = "com.apple.product-type.application";
		};
/* End PBXNativeTarget section */

/* Begin PBXProject section */
		4532955223DA1DB6002B725E /* Project object */ = {
			isa = PBXProject;
			attributes = {
				LastSwiftUpdateCheck = 1110;
				LastUpgradeCheck = 1110;
				ORGANIZATIONNAME = "EDUARDO MENDOZA";
				TargetAttributes = {
					4532955923DA1DB6002B725E = {
						CreatedOnToolsVersion = 11.1;
					};
				};
			};
			buildConfigurationList = 4532955523DA1DB6002B725E /* Build configuration list for PBXProject "client clock" */;
			compatibilityVersion = "Xcode 9.3";
			developmentRegion = en;
			hasScannedForEncodings = 0;
			knownRegions = (
				en,
				Base,
			);
			mainGroup = 4532955123DA1DB6002B725E;
			productRefGroup = 4532955B23DA1DB6002B725E /* Products */;
			projectDirPath = "";
			projectRoot = "";
			targets = (
				4532955923DA1DB6002B725E /* client clock */,
			);
		};
/* End PBXProject section */

/* Begin PBXResourcesBuildPhase section */
		4532955823DA1DB6002B725E /* Resources */ = {
			isa = PBXResourcesBuildPhase;
			buildActionMask = 2147483647;
			files = (
				4532956A23DA1DB8002B725E /* LaunchScreen.storyboard in Resources */,
				4532956723DA1DB8002B725E /* Assets.xcassets in Resources */,
				4532956523DA1DB6002B725E /* Main.storyboard in Resources */,
			);
			runOnlyForDeploymentPostprocessing = 0;
		};
/* End PBXResourcesBuildPhase section */

/* Begin PBXSourcesBuildPhase section */
		4532955623DA1DB6002B725E /* Sources */ = {
			isa = PBXSourcesBuildPhase;
			buildActionMask = 2147483647;
			files = (
				4532955E23DA1DB6002B725E /* AppDelegate.swift in Sources */,
				45C8635823DB71E4009A78BB /* TimerViewController.swift in Sources */,
				4532956023DA1DB6002B725E /* SceneDelegate.swift in Sources */,
				453E3DA1241804B400F21585 /* HistoryViewController.swift in Sources */,
			);
			runOnlyForDeploymentPostprocessing = 0;
		};
/* End PBXSourcesBuildPhase section */

/* Begin PBXVariantGroup section */
		4532956323DA1DB6002B725E /* Main.storyboard */ = {
			isa = PBXVariantGroup;
			children = (
				4532956423DA1DB6002B725E /* Base */,
			);
			name = Main.storyboard;
			sourceTree = "<group>";
		};
		4532956823DA1DB8002B725E /* LaunchScreen.storyboard */ = {
			isa = PBXVariantGroup;
			children = (
				4532956923DA1DB8002B725E /* Base */,
			);
			name = LaunchScreen.storyboard;
			sourceTree = "<group>";
		};
/* End PBXVariantGroup section */

/* Begin XCBuildConfiguration section */
		4532956C23DA1DB8002B725E /* Debug */ = {
			isa = XCBuildConfiguration;
			buildSettings = {
				ALWAYS_SEARCH_USER_PATHS = NO;
				CLANG_ANALYZER_NONNULL = YES;
				CLANG_ANALYZER_NUMBER_OBJECT_CONVERSION = YES_AGGRESSIVE;
				CLANG_CXX_LANGUAGE_STANDARD = "gnu++14";
				CLANG_CXX_LIBRARY = "libc++";
				CLANG_ENABLE_MODULES = YES;
				CLANG_ENABLE_OBJC_ARC = YES;
				CLANG_ENABLE_OBJC_WEAK = YES;
				CLANG_WARN_BLOCK_CAPTURE_AUTORELEASING = YES;
				CLANG_WARN_BOOL_CONVERSION = YES;
				CLANG_WARN_COMMA = YES;
				CLANG_WARN_CONSTANT_CONVERSION = YES;
				CLANG_WARN_DEPRECATED_OBJC_IMPLEMENTATIONS = YES;
				CLANG_WARN_DIRECT_OBJC_ISA_USAGE = YES_ERROR;
				CLANG_WARN_DOCUMENTATION_COMMENTS = YES;
				CLANG_WARN_EMPTY_BODY = YES;
				CLANG_WARN_ENUM_CONVERSION = YES;
				CLANG_WARN_INFINITE_RECURSION = YES;
				CLANG_WARN_INT_CONVERSION = YES;
				CLANG_WARN_NON_LITERAL_NULL_CONVERSION = YES;
				CLANG_WARN_OBJC_IMPLICIT_RETAIN_SELF = YES;
				CLANG_WARN_OBJC_LITERAL_CONVERSION = YES;
				CLANG_WARN_OBJC_ROOT_CLASS = YES_ERROR;
				CLANG_WARN_RANGE_LOOP_ANALYSIS = YES;
				CLANG_WARN_STRICT_PROTOTYPES = YES;
				CLANG_WARN_SUSPICIOUS_MOVE = YES;
				CLANG_WARN_UNGUARDED_AVAILABILITY = YES_AGGRESSIVE;
				CLANG_WARN_UNREACHABLE_CODE = YES;
				CLANG_WARN__DUPLICATE_METHOD_MATCH = YES;
				COPY_PHASE_STRIP = NO;
				DEBUG_INFORMATION_FORMAT = dwarf;
				ENABLE_STRICT_OBJC_MSGSEND = YES;
				ENABLE_TESTABILITY = YES;
				GCC_C_LANGUAGE_STANDARD = gnu11;
				GCC_DYNAMIC_NO_PIC = NO;
				GCC_NO_COMMON_BLOCKS = YES;
				GCC_OPTIMIZATION_LEVEL = 0;
				GCC_PREPROCESSOR_DEFINITIONS = (
					"DEBUG=1",
					"$(inherited)",
				);
				GCC_WARN_64_TO_32_BIT_CONVERSION = YES;
				GCC_WARN_ABOUT_RETURN_TYPE = YES_ERROR;
				GCC_WARN_UNDECLARED_SELECTOR = YES;
				GCC_WARN_UNINITIALIZED_AUTOS = YES_AGGRESSIVE;
				GCC_WARN_UNUSED_FUNCTION = YES;
				GCC_WARN_UNUSED_VARIABLE = YES;
				IPHONEOS_DEPLOYMENT_TARGET = 13.1;
				MTL_ENABLE_DEBUG_INFO = INCLUDE_SOURCE;
				MTL_FAST_MATH = YES;
				ONLY_ACTIVE_ARCH = YES;
				SDKROOT = iphoneos;
				SWIFT_ACTIVE_COMPILATION_CONDITIONS = DEBUG;
				SWIFT_OPTIMIZATION_LEVEL = "-Onone";
			};
			name = Debug;
		};
		4532956D23DA1DB8002B725E /* Release */ = {
			isa = XCBuildConfiguration;
			buildSettings = {
				ALWAYS_SEARCH_USER_PATHS = NO;
				CLANG_ANALYZER_NONNULL = YES;
				CLANG_ANALYZER_NUMBER_OBJECT_CONVERSION = YES_AGGRESSIVE;
				CLANG_CXX_LANGUAGE_STANDARD = "gnu++14";
				CLANG_CXX_LIBRARY = "libc++";
				CLANG_ENABLE_MODULES = YES;
				CLANG_ENABLE_OBJC_ARC = YES;
				CLANG_ENABLE_OBJC_WEAK = YES;
				CLANG_WARN_BLOCK_CAPTURE_AUTORELEASING = YES;
				CLANG_WARN_BOOL_CONVERSION = YES;
				CLANG_WARN_COMMA = YES;
				CLANG_WARN_CONSTANT_CONVERSION = YES;
				CLANG_WARN_DEPRECATED_OBJC_IMPLEMENTATIONS = YES;
				CLANG_WARN_DIRECT_OBJC_ISA_USAGE = YES_ERROR;
				CLANG_WARN_DOCUMENTATION_COMMENTS = YES;
				CLANG_WARN_EMPTY_BODY = YES;
				CLANG_WARN_ENUM_CONVERSION = YES;
				CLANG_WARN_INFINITE_RECURSION = YES;
				CLANG_WARN_INT_CONVERSION = YES;
				CLANG_WARN_NON_LITERAL_NULL_CONVERSION = YES;
				CLANG_WARN_OBJC_IMPLICIT_RETAIN_SELF = YES;
				CLANG_WARN_OBJC_LITERAL_CONVERSION = YES;
				CLANG_WARN_OBJC_ROOT_CLASS = YES_ERROR;
				CLANG_WARN_RANGE_LOOP_ANALYSIS = YES;
				CLANG_WARN_STRICT_PROTOTYPES = YES;
				CLANG_WARN_SUSPICIOUS_MOVE = YES;
				CLANG_WARN_UNGUARDED_AVAILABILITY = YES_AGGRESSIVE;
				CLANG_WARN_UNREACHABLE_CODE = YES;
				CLANG_WARN__DUPLICATE_METHOD_MATCH = YES;
				COPY_PHASE_STRIP = NO;
				DEBUG_INFORMATION_FORMAT = "dwarf-with-dsym";
				ENABLE_NS_ASSERTIONS = NO;
				ENABLE_STRICT_OBJC_MSGSEND = YES;
				GCC_C_LANGUAGE_STANDARD = gnu11;
				GCC_NO_COMMON_BLOCKS = YES;
				GCC_WARN_64_TO_32_BIT_CONVERSION = YES;
				GCC_WARN_ABOUT_RETURN_TYPE = YES_ERROR;
				GCC_WARN_UNDECLARED_SELECTOR = YES;
				GCC_WARN_UNINITIALIZED_AUTOS = YES_AGGRESSIVE;
				GCC_WARN_UNUSED_FUNCTION = YES;
				GCC_WARN_UNUSED_VARIABLE = YES;
				IPHONEOS_DEPLOYMENT_TARGET = 13.1;
				MTL_ENABLE_DEBUG_INFO = NO;
				MTL_FAST_MATH = YES;
				SDKROOT = iphoneos;
				SWIFT_COMPILATION_MODE = wholemodule;
				SWIFT_OPTIMIZATION_LEVEL = "-O";
				VALIDATE_PRODUCT = YES;
			};
			name = Release;
		};
		4532956F23DA1DB8002B725E /* Debug */ = {
			isa = XCBuildConfiguration;
			buildSettings = {
				ASSETCATALOG_COMPILER_APPICON_NAME = AppIcon;
				CODE_SIGN_STYLE = Automatic;
				INFOPLIST_FILE = "client clock/Info.plist";
				LD_RUNPATH_SEARCH_PATHS = (
					"$(inherited)",
					"@executable_path/Frameworks",
				);
				PRODUCT_BUNDLE_IDENTIFIER = "org.116-rlas.client-clock";
				PRODUCT_NAME = "$(TARGET_NAME)";
				SWIFT_VERSION = 5.0;
				TARGETED_DEVICE_FAMILY = "1,2";
			};
			name = Debug;
		};
		4532957023DA1DB8002B725E /* Release */ = {
			isa = XCBuildConfiguration;
			buildSettings = {
				ASSETCATALOG_COMPILER_APPICON_NAME = AppIcon;
				CODE_SIGN_STYLE = Automatic;
				INFOPLIST_FILE = "client clock/Info.plist";
				LD_RUNPATH_SEARCH_PATHS = (
					"$(inherited)",
					"@executable_path/Frameworks",
				);
				PRODUCT_BUNDLE_IDENTIFIER = "org.116-rlas.client-clock";
				PRODUCT_NAME = "$(TARGET_NAME)";
				SWIFT_VERSION = 5.0;
				TARGETED_DEVICE_FAMILY = "1,2";
			};
			name = Release;
		};
/* End XCBuildConfiguration section */

/* Begin XCConfigurationList section */
		4532955523DA1DB6002B725E /* Build configuration list for PBXProject "client clock" */ = {
			isa = XCConfigurationList;
			buildConfigurations = (
				4532956C23DA1DB8002B725E /* Debug */,
				4532956D23DA1DB8002B725E /* Release */,
			);
			defaultConfigurationIsVisible = 0;
			defaultConfigurationName = Release;
		};
		4532956E23DA1DB8002B725E /* Build configuration list for PBXNativeTarget "client clock" */ = {
			isa = XCConfigurationList;
			buildConfigurations = (
				4532956F23DA1DB8002B725E /* Debug */,
				4532957023DA1DB8002B725E /* Release */,
			);
			defaultConfigurationIsVisible = 0;
			defaultConfigurationName = Release;
		};
/* End XCConfigurationList section */
	};
	rootObject = 4532955223DA1DB6002B725E /* Project object */;
}
